
Microsoft Visual Studio Solution File, Format Version 12.00
# Visual Studio Version 16
VisualStudioVersion = 16.0.31829.152
MinimumVisualStudioVersion = 10.0.40219.1
Project("{FAE04EC0-301F-11D3-BF4B-00C04F79EFBC}") = "Home13", "Home13.csproj", "{B972A582-08A7-437D-A4BD-7CFEAC01B305}"
EndProject
Global
	GlobalSection(SolutionConfigurationPlatforms) = preSolution
		Debug|Any CPU = Debug|Any CPU
		Release|Any CPU = Release|Any CPU
	EndGlobalSection
	GlobalSection(ProjectConfigurationPlatforms) = postSolution
		{B972A582-08A7-437D-A4BD-7CFEAC01B305}.Debug|Any CPU.ActiveCfg = Debug|Any CPU
		{B972A582-08A7-437D-A4BD-7CFEAC01B305}.Debug|Any CPU.Build.0 = Debug|Any CPU
		{B972A582-08A7-437D-A4BD-7CFEAC01B305}.Release|Any CPU.ActiveCfg = Release|Any CPU
		{B972A582-08A7-437D-A4BD-7CFEAC01B305}.Release|Any CPU.Build.0 = Release|Any CPU
	EndGlobalSection
	GlobalSection(SolutionProperties) = preSolution
		HideSolutionNode = FALSE
	EndGlobalSection
	GlobalSection(ExtensibilityGlobals) = postSolution
		SolutionGuid = {F8EEB157-9C80-4169-B64F-638F1CCD9A61}
	EndGlobalSection
EndGlobal
